
Microsoft Visual Studio Solution File, Format Version 12.00
# Visual Studio Version 17
VisualStudioVersion = 17.13.35825.156
MinimumVisualStudioVersion = 10.0.40219.1
Project("{2150E333-8FDC-42A3-9474-1A3956D46DE8}") = "Chapter01", "Chapter01", "{DDB4EF12-CC4E-5E88-E6FC-71A802F4DE97}"
EndProject
Project("{FAE04EC0-301F-11D3-BF4B-00C04F79EFBC}") = "ProductSample", "Chapter01\ProductSample\ProductSample.csproj", "{B49020A3-019D-4FB4-B70F-27F909CD3B10}"
EndProject
Project("{2150E333-8FDC-42A3-9474-1A3956D46DE8}") = "Chapter02", "Chapter02", "{FFCC7CC5-1DCF-4B68-AB7A-A50E24402E3D}"
EndProject
Project("{FAE04EC0-301F-11D3-BF4B-00C04F79EFBC}") = "DistanceConverter", "Chapter02\DistanceConverter\DistanceConverter.csproj", "{30A8C393-A225-4D95-ADC2-05CD3C66B9D1}"
EndProject
Global
	GlobalSection(SolutionConfigurationPlatforms) = preSolution
		Debug|Any CPU = Debug|Any CPU
		Release|Any CPU = Release|Any CPU
	EndGlobalSection
	GlobalSection(ProjectConfigurationPlatforms) = postSolution
		{B49020A3-019D-4FB4-B70F-27F909CD3B10}.Debug|Any CPU.ActiveCfg = Debug|Any CPU
		{B49020A3-019D-4FB4-B70F-27F909CD3B10}.Debug|Any CPU.Build.0 = Debug|Any CPU
		{B49020A3-019D-4FB4-B70F-27F909CD3B10}.Release|Any CPU.ActiveCfg = Release|Any CPU
		{B49020A3-019D-4FB4-B70F-27F909CD3B10}.Release|Any CPU.Build.0 = Release|Any CPU
		{30A8C393-A225-4D95-ADC2-05CD3C66B9D1}.Debug|Any CPU.ActiveCfg = Debug|Any CPU
		{30A8C393-A225-4D95-ADC2-05CD3C66B9D1}.Debug|Any CPU.Build.0 = Debug|Any CPU
		{30A8C393-A225-4D95-ADC2-05CD3C66B9D1}.Release|Any CPU.ActiveCfg = Release|Any CPU
		{30A8C393-A225-4D95-ADC2-05CD3C66B9D1}.Release|Any CPU.Build.0 = Release|Any CPU
	EndGlobalSection
	GlobalSection(SolutionProperties) = preSolution
		HideSolutionNode = FALSE
	EndGlobalSection
	GlobalSection(NestedProjects) = preSolution
		{B49020A3-019D-4FB4-B70F-27F909CD3B10} = {DDB4EF12-CC4E-5E88-E6FC-71A802F4DE97}
		{30A8C393-A225-4D95-ADC2-05CD3C66B9D1} = {FFCC7CC5-1DCF-4B68-AB7A-A50E24402E3D}
	EndGlobalSection
	GlobalSection(ExtensibilityGlobals) = postSolution
		SolutionGuid = {4A715F17-BD52-40D7-9287-1C6890FE3EBB}
	EndGlobalSection
EndGlobal
