
Microsoft Visual Studio Solution File, Format Version 12.00
# Visual Studio Version 17
VisualStudioVersion = 17.13.35825.156
MinimumVisualStudioVersion = 10.0.40219.1
Project("{2150E333-8FDC-42A3-9474-1A3956D46DE8}") = "Chapter01", "Chapter01", "{DDB4EF12-CC4E-5E88-E6FC-71A802F4DE97}"
EndProject
Project("{FAE04EC0-301F-11D3-BF4B-00C04F79EFBC}") = "ProductSample", "Chapter01\ProductSample\ProductSample.csproj", "{B49020A3-019D-4FB4-B70F-27F909CD3B10}"
EndProject
Project("{2150E333-8FDC-42A3-9474-1A3956D46DE8}") = "Chapter02", "Chapter02", "{FFCC7CC5-1DCF-4B68-AB7A-A50E24402E3D}"
EndProject
Project("{FAE04EC0-301F-11D3-BF4B-00C04F79EFBC}") = "DistanceConverter", "Chapter02\DistanceConverter\DistanceConverter.csproj", "{30A8C393-A225-4D95-ADC2-05CD3C66B9D1}"
EndProject
Project("{2150E333-8FDC-42A3-9474-1A3956D46DE8}") = "演習問題", "演習問題", "{F5B9D0CD-07F5-4A49-A520-176DE86AC383}"
EndProject
Project("{FAE04EC0-301F-11D3-BF4B-00C04F79EFBC}") = "Exercise02", "Chapter02\演習問題\Exercise02\Exercise02.csproj", "{586B5EFF-3E76-4C50-ABAA-432312FFC767}"
EndProject
Project("{2150E333-8FDC-42A3-9474-1A3956D46DE8}") = "距離換算プログラム", "距離換算プログラム", "{A4DBFD46-7A72-4361-944F-79DEC776C90D}"
EndProject
Project("{2150E333-8FDC-42A3-9474-1A3956D46DE8}") = "FormApp1", "FormApp1", "{2FE6EF8D-0665-470E-8DB5-CB89724F3D02}"
EndProject
Project("{911E67C6-3D85-4FCE-B560-20A9C3E3FF48}") = "UnitConverter", "FormApp1\UnitConverter\bin\Debug\UnitConverter.exe", "{F899A924-1125-9743-259B-26B590B0CE35}"
	ProjectSection(DebuggerProjectSystem) = preProject
		PortSupplier = 00000000-0000-0000-0000-000000000000
		Executable = C:\Users\infosys\source\repos\OOP2025\FormApp1\UnitConverter\bin\Debug\UnitConverter.exe
		RemoteMachine = C4204
		StartingDirectory = C:\Users\infosys\source\repos\OOP2025\FormApp1\UnitConverter\bin\Debug
		Environment = 既定
		LaunchingEngine = 00000000-0000-0000-0000-000000000000
		UseLegacyDebugEngines = No
		LaunchSQLEngine = No
		AttachLaunchAction = No
		IORedirection = Auto
	EndProjectSection
EndProject
Project("{FAE04EC0-301F-11D3-BF4B-00C04F79EFBC}") = "StopWacth", "StopWacth\StopWacth.csproj", "{3C5AF31B-8228-4D58-938A-8F8C95EDDD7D}"
EndProject
Project("{2150E333-8FDC-42A3-9474-1A3956D46DE8}") = "売上集計プログラム", "売上集計プログラム", "{09CA0224-D110-47AC-B1C5-196BDAC6E305}"
EndProject
Project("{FAE04EC0-301F-11D3-BF4B-00C04F79EFBC}") = "SalesCalculator", "Chapter02\SalesCalculator\SalesCalculator.csproj", "{3D1D7466-01E6-4794-815D-7B16CBC3DE6F}"
EndProject
Project("{FAE04EC0-301F-11D3-BF4B-00C04F79EFBC}") = "Exercise01", "Chapter02\演習問題\Exercise01\Exercise01.csproj", "{DC141056-699A-47BE-A372-C687A7FBF292}"
EndProject
Project("{FAE04EC0-301F-11D3-BF4B-00C04F79EFBC}") = "Section01", "Chapter03\Section01\Section01.csproj", "{6CCDB375-5BAE-42BA-98A4-57919719459D}"
EndProject
Project("{2150E333-8FDC-42A3-9474-1A3956D46DE8}") = "Chapter03", "Chapter03", "{72793309-8A00-4044-9397-97D91372EDA9}"
EndProject
Project("{2150E333-8FDC-42A3-9474-1A3956D46DE8}") = "演習問題", "演習問題", "{CF135A3A-3023-4396-A4FA-DDC932EF2C7F}"
EndProject
Project("{FAE04EC0-301F-11D3-BF4B-00C04F79EFBC}") = "Exercise02", "Chapter03\演習問題\Exercise02\Exercise02.csproj", "{3EF0F170-3731-4E21-8899-30BF593B8480}"
EndProject
Project("{FAE04EC0-301F-11D3-BF4B-00C04F79EFBC}") = "Section04", "Chapter03\Section04\Section04.csproj", "{8E3A04CF-9460-4174-8140-4B750BAD6F68}"
EndProject
Project("{FAE04EC0-301F-11D3-BF4B-00C04F79EFBC}") = "Exercise01", "Chapter03\演習問題\Exercise01\Exercise01.csproj", "{2152C200-B069-4D8A-A20F-7169D3D87DCB}"
EndProject
Project("{2150E333-8FDC-42A3-9474-1A3956D46DE8}") = "Chapter04", "Chapter04", "{62598525-1A25-420E-8025-72304C45AA56}"
EndProject
Project("{FAE04EC0-301F-11D3-BF4B-00C04F79EFBC}") = "Section04", "Chapter04\Section04\Section04.csproj", "{3500B521-2038-4372-ADAA-42B168039054}"
EndProject
Project("{2150E333-8FDC-42A3-9474-1A3956D46DE8}") = "演習問題", "演習問題", "{1AC26261-A32A-47BB-B70B-B35385CCEE72}"
EndProject
Project("{FAE04EC0-301F-11D3-BF4B-00C04F79EFBC}") = "Exercise01", "Chapter04\演習問題\Exercise01\Exercise01.csproj", "{BCD0A7A0-76C7-44FD-8B61-D9351BDB4FBE}"
EndProject
Project("{FAE04EC0-301F-11D3-BF4B-00C04F79EFBC}") = "Exercise02", "Chapter04\演習問題\Exercise02\Exercise02.csproj", "{7B707386-AFB6-474D-A89E-21012A901627}"
EndProject
Project("{2150E333-8FDC-42A3-9474-1A3956D46DE8}") = "LINQ", "LINQ", "{72FCE522-8260-4072-BDA3-3A9EEE12C847}"
EndProject
Project("{FAE04EC0-301F-11D3-BF4B-00C04F79EFBC}") = "LinqSample", "LINQ\LinqSample\LinqSample.csproj", "{C8CAA507-4D9C-4C00-A4E2-026AE41A75C6}"
EndProject
Project("{2150E333-8FDC-42A3-9474-1A3956D46DE8}") = "Chapter07", "Chapter07", "{2FE37E38-5A42-481A-94AD-073B27ABEE63}"
EndProject
Project("{2150E333-8FDC-42A3-9474-1A3956D46DE8}") = "演習問題", "演習問題", "{49871048-C484-49EC-A0E1-E72CB9D6F4C3}"
EndProject
Project("{FAE04EC0-301F-11D3-BF4B-00C04F79EFBC}") = "Exercise01", "Chapter07\演習問題\Exercise01\Exercise01.csproj", "{5AA8F7AE-A3FC-4ECA-8EDF-72DC8429C1D5}"
EndProject
Project("{FAE04EC0-301F-11D3-BF4B-00C04F79EFBC}") = "Section01", "Chapter07\Section01\Section01.csproj", "{316352B8-E9D5-4E31-A235-BA7815E8BDE3}"
EndProject
Project("{FAE04EC0-301F-11D3-BF4B-00C04F79EFBC}") = "Section05", "Section05\Section05.csproj", "{5B2EF4DB-7F3A-4B76-ADE2-D0CF99E2192E}"
EndProject
Project("{FAE04EC0-301F-11D3-BF4B-00C04F79EFBC}") = "Exercise02", "Chapter07\演習問題\Exercise02\Exercise02.csproj", "{FB902760-C53F-48D3-A389-4461E28CCA89}"
EndProject
Project("{2150E333-8FDC-42A3-9474-1A3956D46DE8}") = "Chapter06", "Chapter06", "{D3307230-9C10-4EE0-B50D-557C57DBE0F8}"
EndProject
Project("{FAE04EC0-301F-11D3-BF4B-00C04F79EFBC}") = "Section01", "Chapter06\Section01\Section01.csproj", "{7040F5CF-919F-4AE3-952E-9C7EB437D190}"
EndProject
Project("{2150E333-8FDC-42A3-9474-1A3956D46DE8}") = "演習問題", "演習問題", "{B2CE4621-3B24-4D70-B81D-34F5CEF2DE68}"
EndProject
Project("{FAE04EC0-301F-11D3-BF4B-00C04F79EFBC}") = "Exercise01", "Chapter06\演習問題\Exercise01\Exercise01.csproj", "{7D7BD9D0-E0D2-4338-9AF0-C37DBFF196A6}"
EndProject
Project("{FAE04EC0-301F-11D3-BF4B-00C04F79EFBC}") = "Exercise03", "Chapter06\演習問題\Exercise03\Exercise03.csproj", "{D14E83AE-ABB2-4559-AC7A-3706D0246A45}"
EndProject
Project("{FAE04EC0-301F-11D3-BF4B-00C04F79EFBC}") = "Exercise04", "Chapter06\演習問題\Exercise04\Exercise04.csproj", "{FD32E442-7EF1-4467-B043-5CE8C7434FF0}"
EndProject
Project("{FAE04EC0-301F-11D3-BF4B-00C04F79EFBC}") = "Exercise02", "Chapter06\演習問題\Exercise02\Exercise02.csproj", "{5E89B7B5-BB7C-44D2-BF75-32520843384E}"
EndProject
Project("{FAE04EC0-301F-11D3-BF4B-00C04F79EFBC}") = "Section03", "Chapter06\Section03\Section03.csproj", "{B397919F-E383-4974-AECE-F66BEB1ED61D}"
EndProject
Project("{2150E333-8FDC-42A3-9474-1A3956D46DE8}") = "Chapter05", "Chapter05", "{67841562-B9D4-4302-B086-F9B60D184B12}"
EndProject
Project("{FAE04EC0-301F-11D3-BF4B-00C04F79EFBC}") = "Section01", "Chapter05\Section01\Section01.csproj", "{ECACC3F8-D66B-40A3-9DDF-999AB63E4E7D}"
EndProject
Project("{2150E333-8FDC-42A3-9474-1A3956D46DE8}") = "演習問題", "演習問題", "{BA3DFBD7-42D2-4E3B-8395-9C560677A61B}"
EndProject
Project("{FAE04EC0-301F-11D3-BF4B-00C04F79EFBC}") = "Section02", "Chapter05\Section02\Section02.csproj", "{A8467E60-64FF-4050-BB1C-ED7E3B7374CE}"
EndProject
Project("{FAE04EC0-301F-11D3-BF4B-00C04F79EFBC}") = "Exercise01", "Chapter05\演習問題\Exercise01\Exercise01.csproj", "{3978478D-2BAC-4381-AC84-A33A96553C7E}"
EndProject
Project("{FAE04EC0-301F-11D3-BF4B-00C04F79EFBC}") = "Exercise02", "Chapter05\演習問題\Exercise02\Exercise02.csproj", "{E3C4DB31-1514-4F98-9FCF-C8B43CA27434}"
EndProject
Global
	GlobalSection(SolutionConfigurationPlatforms) = preSolution
		Debug|Any CPU = Debug|Any CPU
		Debug|x86 = Debug|x86
		Release|Any CPU = Release|Any CPU
		Release|x86 = Release|x86
	EndGlobalSection
	GlobalSection(ProjectConfigurationPlatforms) = postSolution
		{B49020A3-019D-4FB4-B70F-27F909CD3B10}.Debug|Any CPU.ActiveCfg = Debug|Any CPU
		{B49020A3-019D-4FB4-B70F-27F909CD3B10}.Debug|Any CPU.Build.0 = Debug|Any CPU
		{B49020A3-019D-4FB4-B70F-27F909CD3B10}.Debug|x86.ActiveCfg = Debug|Any CPU
		{B49020A3-019D-4FB4-B70F-27F909CD3B10}.Debug|x86.Build.0 = Debug|Any CPU
		{B49020A3-019D-4FB4-B70F-27F909CD3B10}.Release|Any CPU.ActiveCfg = Release|Any CPU
		{B49020A3-019D-4FB4-B70F-27F909CD3B10}.Release|Any CPU.Build.0 = Release|Any CPU
		{B49020A3-019D-4FB4-B70F-27F909CD3B10}.Release|x86.ActiveCfg = Release|Any CPU
		{B49020A3-019D-4FB4-B70F-27F909CD3B10}.Release|x86.Build.0 = Release|Any CPU
		{30A8C393-A225-4D95-ADC2-05CD3C66B9D1}.Debug|Any CPU.ActiveCfg = Debug|Any CPU
		{30A8C393-A225-4D95-ADC2-05CD3C66B9D1}.Debug|Any CPU.Build.0 = Debug|Any CPU
		{30A8C393-A225-4D95-ADC2-05CD3C66B9D1}.Debug|x86.ActiveCfg = Debug|Any CPU
		{30A8C393-A225-4D95-ADC2-05CD3C66B9D1}.Debug|x86.Build.0 = Debug|Any CPU
		{30A8C393-A225-4D95-ADC2-05CD3C66B9D1}.Release|Any CPU.ActiveCfg = Release|Any CPU
		{30A8C393-A225-4D95-ADC2-05CD3C66B9D1}.Release|Any CPU.Build.0 = Release|Any CPU
		{30A8C393-A225-4D95-ADC2-05CD3C66B9D1}.Release|x86.ActiveCfg = Release|Any CPU
		{30A8C393-A225-4D95-ADC2-05CD3C66B9D1}.Release|x86.Build.0 = Release|Any CPU
		{586B5EFF-3E76-4C50-ABAA-432312FFC767}.Debug|Any CPU.ActiveCfg = Debug|Any CPU
		{586B5EFF-3E76-4C50-ABAA-432312FFC767}.Debug|Any CPU.Build.0 = Debug|Any CPU
		{586B5EFF-3E76-4C50-ABAA-432312FFC767}.Debug|x86.ActiveCfg = Debug|Any CPU
		{586B5EFF-3E76-4C50-ABAA-432312FFC767}.Debug|x86.Build.0 = Debug|Any CPU
		{586B5EFF-3E76-4C50-ABAA-432312FFC767}.Release|Any CPU.ActiveCfg = Release|Any CPU
		{586B5EFF-3E76-4C50-ABAA-432312FFC767}.Release|Any CPU.Build.0 = Release|Any CPU
		{586B5EFF-3E76-4C50-ABAA-432312FFC767}.Release|x86.ActiveCfg = Release|Any CPU
		{586B5EFF-3E76-4C50-ABAA-432312FFC767}.Release|x86.Build.0 = Release|Any CPU
		{F899A924-1125-9743-259B-26B590B0CE35}.Debug|Any CPU.ActiveCfg = Release|x86
		{F899A924-1125-9743-259B-26B590B0CE35}.Debug|x86.ActiveCfg = Release|x86
		{F899A924-1125-9743-259B-26B590B0CE35}.Release|Any CPU.ActiveCfg = Release|x86
		{F899A924-1125-9743-259B-26B590B0CE35}.Release|x86.ActiveCfg = Release|x86
		{3C5AF31B-8228-4D58-938A-8F8C95EDDD7D}.Debug|Any CPU.ActiveCfg = Debug|Any CPU
		{3C5AF31B-8228-4D58-938A-8F8C95EDDD7D}.Debug|Any CPU.Build.0 = Debug|Any CPU
		{3C5AF31B-8228-4D58-938A-8F8C95EDDD7D}.Debug|x86.ActiveCfg = Debug|Any CPU
		{3C5AF31B-8228-4D58-938A-8F8C95EDDD7D}.Debug|x86.Build.0 = Debug|Any CPU
		{3C5AF31B-8228-4D58-938A-8F8C95EDDD7D}.Release|Any CPU.ActiveCfg = Release|Any CPU
		{3C5AF31B-8228-4D58-938A-8F8C95EDDD7D}.Release|Any CPU.Build.0 = Release|Any CPU
		{3C5AF31B-8228-4D58-938A-8F8C95EDDD7D}.Release|x86.ActiveCfg = Release|Any CPU
		{3C5AF31B-8228-4D58-938A-8F8C95EDDD7D}.Release|x86.Build.0 = Release|Any CPU
		{3D1D7466-01E6-4794-815D-7B16CBC3DE6F}.Debug|Any CPU.ActiveCfg = Debug|Any CPU
		{3D1D7466-01E6-4794-815D-7B16CBC3DE6F}.Debug|Any CPU.Build.0 = Debug|Any CPU
		{3D1D7466-01E6-4794-815D-7B16CBC3DE6F}.Debug|x86.ActiveCfg = Debug|Any CPU
		{3D1D7466-01E6-4794-815D-7B16CBC3DE6F}.Debug|x86.Build.0 = Debug|Any CPU
		{3D1D7466-01E6-4794-815D-7B16CBC3DE6F}.Release|Any CPU.ActiveCfg = Release|Any CPU
		{3D1D7466-01E6-4794-815D-7B16CBC3DE6F}.Release|Any CPU.Build.0 = Release|Any CPU
		{3D1D7466-01E6-4794-815D-7B16CBC3DE6F}.Release|x86.ActiveCfg = Release|Any CPU
		{3D1D7466-01E6-4794-815D-7B16CBC3DE6F}.Release|x86.Build.0 = Release|Any CPU
		{DC141056-699A-47BE-A372-C687A7FBF292}.Debug|Any CPU.ActiveCfg = Debug|Any CPU
		{DC141056-699A-47BE-A372-C687A7FBF292}.Debug|Any CPU.Build.0 = Debug|Any CPU
		{DC141056-699A-47BE-A372-C687A7FBF292}.Debug|x86.ActiveCfg = Debug|Any CPU
		{DC141056-699A-47BE-A372-C687A7FBF292}.Debug|x86.Build.0 = Debug|Any CPU
		{DC141056-699A-47BE-A372-C687A7FBF292}.Release|Any CPU.ActiveCfg = Release|Any CPU
		{DC141056-699A-47BE-A372-C687A7FBF292}.Release|Any CPU.Build.0 = Release|Any CPU
		{DC141056-699A-47BE-A372-C687A7FBF292}.Release|x86.ActiveCfg = Release|Any CPU
		{DC141056-699A-47BE-A372-C687A7FBF292}.Release|x86.Build.0 = Release|Any CPU
		{6CCDB375-5BAE-42BA-98A4-57919719459D}.Debug|Any CPU.ActiveCfg = Debug|Any CPU
		{6CCDB375-5BAE-42BA-98A4-57919719459D}.Debug|Any CPU.Build.0 = Debug|Any CPU
		{6CCDB375-5BAE-42BA-98A4-57919719459D}.Debug|x86.ActiveCfg = Debug|Any CPU
		{6CCDB375-5BAE-42BA-98A4-57919719459D}.Debug|x86.Build.0 = Debug|Any CPU
		{6CCDB375-5BAE-42BA-98A4-57919719459D}.Release|Any CPU.ActiveCfg = Release|Any CPU
		{6CCDB375-5BAE-42BA-98A4-57919719459D}.Release|Any CPU.Build.0 = Release|Any CPU
		{6CCDB375-5BAE-42BA-98A4-57919719459D}.Release|x86.ActiveCfg = Release|Any CPU
		{6CCDB375-5BAE-42BA-98A4-57919719459D}.Release|x86.Build.0 = Release|Any CPU
		{3EF0F170-3731-4E21-8899-30BF593B8480}.Debug|Any CPU.ActiveCfg = Debug|Any CPU
		{3EF0F170-3731-4E21-8899-30BF593B8480}.Debug|Any CPU.Build.0 = Debug|Any CPU
		{3EF0F170-3731-4E21-8899-30BF593B8480}.Debug|x86.ActiveCfg = Debug|Any CPU
		{3EF0F170-3731-4E21-8899-30BF593B8480}.Debug|x86.Build.0 = Debug|Any CPU
		{3EF0F170-3731-4E21-8899-30BF593B8480}.Release|Any CPU.ActiveCfg = Release|Any CPU
		{3EF0F170-3731-4E21-8899-30BF593B8480}.Release|Any CPU.Build.0 = Release|Any CPU
		{3EF0F170-3731-4E21-8899-30BF593B8480}.Release|x86.ActiveCfg = Release|Any CPU
		{3EF0F170-3731-4E21-8899-30BF593B8480}.Release|x86.Build.0 = Release|Any CPU
		{8E3A04CF-9460-4174-8140-4B750BAD6F68}.Debug|Any CPU.ActiveCfg = Debug|Any CPU
		{8E3A04CF-9460-4174-8140-4B750BAD6F68}.Debug|Any CPU.Build.0 = Debug|Any CPU
		{8E3A04CF-9460-4174-8140-4B750BAD6F68}.Debug|x86.ActiveCfg = Debug|Any CPU
		{8E3A04CF-9460-4174-8140-4B750BAD6F68}.Debug|x86.Build.0 = Debug|Any CPU
		{8E3A04CF-9460-4174-8140-4B750BAD6F68}.Release|Any CPU.ActiveCfg = Release|Any CPU
		{8E3A04CF-9460-4174-8140-4B750BAD6F68}.Release|Any CPU.Build.0 = Release|Any CPU
		{8E3A04CF-9460-4174-8140-4B750BAD6F68}.Release|x86.ActiveCfg = Release|Any CPU
		{8E3A04CF-9460-4174-8140-4B750BAD6F68}.Release|x86.Build.0 = Release|Any CPU
		{2152C200-B069-4D8A-A20F-7169D3D87DCB}.Debug|Any CPU.ActiveCfg = Debug|Any CPU
		{2152C200-B069-4D8A-A20F-7169D3D87DCB}.Debug|Any CPU.Build.0 = Debug|Any CPU
		{2152C200-B069-4D8A-A20F-7169D3D87DCB}.Debug|x86.ActiveCfg = Debug|Any CPU
		{2152C200-B069-4D8A-A20F-7169D3D87DCB}.Debug|x86.Build.0 = Debug|Any CPU
		{2152C200-B069-4D8A-A20F-7169D3D87DCB}.Release|Any CPU.ActiveCfg = Release|Any CPU
		{2152C200-B069-4D8A-A20F-7169D3D87DCB}.Release|Any CPU.Build.0 = Release|Any CPU
		{2152C200-B069-4D8A-A20F-7169D3D87DCB}.Release|x86.ActiveCfg = Release|Any CPU
		{2152C200-B069-4D8A-A20F-7169D3D87DCB}.Release|x86.Build.0 = Release|Any CPU
		{3500B521-2038-4372-ADAA-42B168039054}.Debug|Any CPU.ActiveCfg = Debug|Any CPU
		{3500B521-2038-4372-ADAA-42B168039054}.Debug|Any CPU.Build.0 = Debug|Any CPU
		{3500B521-2038-4372-ADAA-42B168039054}.Debug|x86.ActiveCfg = Debug|Any CPU
		{3500B521-2038-4372-ADAA-42B168039054}.Debug|x86.Build.0 = Debug|Any CPU
		{3500B521-2038-4372-ADAA-42B168039054}.Release|Any CPU.ActiveCfg = Release|Any CPU
		{3500B521-2038-4372-ADAA-42B168039054}.Release|Any CPU.Build.0 = Release|Any CPU
		{3500B521-2038-4372-ADAA-42B168039054}.Release|x86.ActiveCfg = Release|Any CPU
		{3500B521-2038-4372-ADAA-42B168039054}.Release|x86.Build.0 = Release|Any CPU
		{BCD0A7A0-76C7-44FD-8B61-D9351BDB4FBE}.Debug|Any CPU.ActiveCfg = Debug|Any CPU
		{BCD0A7A0-76C7-44FD-8B61-D9351BDB4FBE}.Debug|Any CPU.Build.0 = Debug|Any CPU
		{BCD0A7A0-76C7-44FD-8B61-D9351BDB4FBE}.Debug|x86.ActiveCfg = Debug|Any CPU
		{BCD0A7A0-76C7-44FD-8B61-D9351BDB4FBE}.Debug|x86.Build.0 = Debug|Any CPU
		{BCD0A7A0-76C7-44FD-8B61-D9351BDB4FBE}.Release|Any CPU.ActiveCfg = Release|Any CPU
		{BCD0A7A0-76C7-44FD-8B61-D9351BDB4FBE}.Release|Any CPU.Build.0 = Release|Any CPU
		{BCD0A7A0-76C7-44FD-8B61-D9351BDB4FBE}.Release|x86.ActiveCfg = Release|Any CPU
		{BCD0A7A0-76C7-44FD-8B61-D9351BDB4FBE}.Release|x86.Build.0 = Release|Any CPU
		{7B707386-AFB6-474D-A89E-21012A901627}.Debug|Any CPU.ActiveCfg = Debug|Any CPU
		{7B707386-AFB6-474D-A89E-21012A901627}.Debug|Any CPU.Build.0 = Debug|Any CPU
		{7B707386-AFB6-474D-A89E-21012A901627}.Debug|x86.ActiveCfg = Debug|Any CPU
		{7B707386-AFB6-474D-A89E-21012A901627}.Debug|x86.Build.0 = Debug|Any CPU
		{7B707386-AFB6-474D-A89E-21012A901627}.Release|Any CPU.ActiveCfg = Release|Any CPU
		{7B707386-AFB6-474D-A89E-21012A901627}.Release|Any CPU.Build.0 = Release|Any CPU
		{7B707386-AFB6-474D-A89E-21012A901627}.Release|x86.ActiveCfg = Release|Any CPU
		{7B707386-AFB6-474D-A89E-21012A901627}.Release|x86.Build.0 = Release|Any CPU
		{C8CAA507-4D9C-4C00-A4E2-026AE41A75C6}.Debug|Any CPU.ActiveCfg = Debug|Any CPU
		{C8CAA507-4D9C-4C00-A4E2-026AE41A75C6}.Debug|Any CPU.Build.0 = Debug|Any CPU
		{C8CAA507-4D9C-4C00-A4E2-026AE41A75C6}.Debug|x86.ActiveCfg = Debug|Any CPU
		{C8CAA507-4D9C-4C00-A4E2-026AE41A75C6}.Debug|x86.Build.0 = Debug|Any CPU
		{C8CAA507-4D9C-4C00-A4E2-026AE41A75C6}.Release|Any CPU.ActiveCfg = Release|Any CPU
		{C8CAA507-4D9C-4C00-A4E2-026AE41A75C6}.Release|Any CPU.Build.0 = Release|Any CPU
		{C8CAA507-4D9C-4C00-A4E2-026AE41A75C6}.Release|x86.ActiveCfg = Release|Any CPU
		{C8CAA507-4D9C-4C00-A4E2-026AE41A75C6}.Release|x86.Build.0 = Release|Any CPU
		{5AA8F7AE-A3FC-4ECA-8EDF-72DC8429C1D5}.Debug|Any CPU.ActiveCfg = Debug|Any CPU
		{5AA8F7AE-A3FC-4ECA-8EDF-72DC8429C1D5}.Debug|Any CPU.Build.0 = Debug|Any CPU
		{5AA8F7AE-A3FC-4ECA-8EDF-72DC8429C1D5}.Debug|x86.ActiveCfg = Debug|Any CPU
		{5AA8F7AE-A3FC-4ECA-8EDF-72DC8429C1D5}.Debug|x86.Build.0 = Debug|Any CPU
		{5AA8F7AE-A3FC-4ECA-8EDF-72DC8429C1D5}.Release|Any CPU.ActiveCfg = Release|Any CPU
		{5AA8F7AE-A3FC-4ECA-8EDF-72DC8429C1D5}.Release|Any CPU.Build.0 = Release|Any CPU
		{5AA8F7AE-A3FC-4ECA-8EDF-72DC8429C1D5}.Release|x86.ActiveCfg = Release|Any CPU
		{5AA8F7AE-A3FC-4ECA-8EDF-72DC8429C1D5}.Release|x86.Build.0 = Release|Any CPU
		{316352B8-E9D5-4E31-A235-BA7815E8BDE3}.Debug|Any CPU.ActiveCfg = Debug|Any CPU
		{316352B8-E9D5-4E31-A235-BA7815E8BDE3}.Debug|Any CPU.Build.0 = Debug|Any CPU
		{316352B8-E9D5-4E31-A235-BA7815E8BDE3}.Debug|x86.ActiveCfg = Debug|Any CPU
		{316352B8-E9D5-4E31-A235-BA7815E8BDE3}.Debug|x86.Build.0 = Debug|Any CPU
		{316352B8-E9D5-4E31-A235-BA7815E8BDE3}.Release|Any CPU.ActiveCfg = Release|Any CPU
		{316352B8-E9D5-4E31-A235-BA7815E8BDE3}.Release|Any CPU.Build.0 = Release|Any CPU
		{316352B8-E9D5-4E31-A235-BA7815E8BDE3}.Release|x86.ActiveCfg = Release|Any CPU
		{316352B8-E9D5-4E31-A235-BA7815E8BDE3}.Release|x86.Build.0 = Release|Any CPU
		{5B2EF4DB-7F3A-4B76-ADE2-D0CF99E2192E}.Debug|Any CPU.ActiveCfg = Debug|Any CPU
		{5B2EF4DB-7F3A-4B76-ADE2-D0CF99E2192E}.Debug|Any CPU.Build.0 = Debug|Any CPU
		{5B2EF4DB-7F3A-4B76-ADE2-D0CF99E2192E}.Debug|x86.ActiveCfg = Debug|Any CPU
		{5B2EF4DB-7F3A-4B76-ADE2-D0CF99E2192E}.Debug|x86.Build.0 = Debug|Any CPU
		{5B2EF4DB-7F3A-4B76-ADE2-D0CF99E2192E}.Release|Any CPU.ActiveCfg = Release|Any CPU
		{5B2EF4DB-7F3A-4B76-ADE2-D0CF99E2192E}.Release|Any CPU.Build.0 = Release|Any CPU
		{5B2EF4DB-7F3A-4B76-ADE2-D0CF99E2192E}.Release|x86.ActiveCfg = Release|Any CPU
		{5B2EF4DB-7F3A-4B76-ADE2-D0CF99E2192E}.Release|x86.Build.0 = Release|Any CPU
		{FB902760-C53F-48D3-A389-4461E28CCA89}.Debug|Any CPU.ActiveCfg = Debug|Any CPU
		{FB902760-C53F-48D3-A389-4461E28CCA89}.Debug|Any CPU.Build.0 = Debug|Any CPU
		{FB902760-C53F-48D3-A389-4461E28CCA89}.Debug|x86.ActiveCfg = Debug|Any CPU
		{FB902760-C53F-48D3-A389-4461E28CCA89}.Debug|x86.Build.0 = Debug|Any CPU
		{FB902760-C53F-48D3-A389-4461E28CCA89}.Release|Any CPU.ActiveCfg = Release|Any CPU
		{FB902760-C53F-48D3-A389-4461E28CCA89}.Release|Any CPU.Build.0 = Release|Any CPU
		{FB902760-C53F-48D3-A389-4461E28CCA89}.Release|x86.ActiveCfg = Release|Any CPU
		{FB902760-C53F-48D3-A389-4461E28CCA89}.Release|x86.Build.0 = Release|Any CPU
		{7040F5CF-919F-4AE3-952E-9C7EB437D190}.Debug|Any CPU.ActiveCfg = Debug|Any CPU
		{7040F5CF-919F-4AE3-952E-9C7EB437D190}.Debug|Any CPU.Build.0 = Debug|Any CPU
		{7040F5CF-919F-4AE3-952E-9C7EB437D190}.Debug|x86.ActiveCfg = Debug|Any CPU
		{7040F5CF-919F-4AE3-952E-9C7EB437D190}.Debug|x86.Build.0 = Debug|Any CPU
		{7040F5CF-919F-4AE3-952E-9C7EB437D190}.Release|Any CPU.ActiveCfg = Release|Any CPU
		{7040F5CF-919F-4AE3-952E-9C7EB437D190}.Release|Any CPU.Build.0 = Release|Any CPU
		{7040F5CF-919F-4AE3-952E-9C7EB437D190}.Release|x86.ActiveCfg = Release|Any CPU
		{7040F5CF-919F-4AE3-952E-9C7EB437D190}.Release|x86.Build.0 = Release|Any CPU
		{7D7BD9D0-E0D2-4338-9AF0-C37DBFF196A6}.Debug|Any CPU.ActiveCfg = Debug|Any CPU
		{7D7BD9D0-E0D2-4338-9AF0-C37DBFF196A6}.Debug|Any CPU.Build.0 = Debug|Any CPU
		{7D7BD9D0-E0D2-4338-9AF0-C37DBFF196A6}.Debug|x86.ActiveCfg = Debug|Any CPU
		{7D7BD9D0-E0D2-4338-9AF0-C37DBFF196A6}.Debug|x86.Build.0 = Debug|Any CPU
		{7D7BD9D0-E0D2-4338-9AF0-C37DBFF196A6}.Release|Any CPU.ActiveCfg = Release|Any CPU
		{7D7BD9D0-E0D2-4338-9AF0-C37DBFF196A6}.Release|Any CPU.Build.0 = Release|Any CPU
		{7D7BD9D0-E0D2-4338-9AF0-C37DBFF196A6}.Release|x86.ActiveCfg = Release|Any CPU
		{7D7BD9D0-E0D2-4338-9AF0-C37DBFF196A6}.Release|x86.Build.0 = Release|Any CPU
		{D14E83AE-ABB2-4559-AC7A-3706D0246A45}.Debug|Any CPU.ActiveCfg = Debug|Any CPU
		{D14E83AE-ABB2-4559-AC7A-3706D0246A45}.Debug|Any CPU.Build.0 = Debug|Any CPU
		{D14E83AE-ABB2-4559-AC7A-3706D0246A45}.Debug|x86.ActiveCfg = Debug|Any CPU
		{D14E83AE-ABB2-4559-AC7A-3706D0246A45}.Debug|x86.Build.0 = Debug|Any CPU
		{D14E83AE-ABB2-4559-AC7A-3706D0246A45}.Release|Any CPU.ActiveCfg = Release|Any CPU
		{D14E83AE-ABB2-4559-AC7A-3706D0246A45}.Release|Any CPU.Build.0 = Release|Any CPU
		{D14E83AE-ABB2-4559-AC7A-3706D0246A45}.Release|x86.ActiveCfg = Release|Any CPU
		{D14E83AE-ABB2-4559-AC7A-3706D0246A45}.Release|x86.Build.0 = Release|Any CPU
		{FD32E442-7EF1-4467-B043-5CE8C7434FF0}.Debug|Any CPU.ActiveCfg = Debug|Any CPU
		{FD32E442-7EF1-4467-B043-5CE8C7434FF0}.Debug|Any CPU.Build.0 = Debug|Any CPU
		{FD32E442-7EF1-4467-B043-5CE8C7434FF0}.Debug|x86.ActiveCfg = Debug|Any CPU
		{FD32E442-7EF1-4467-B043-5CE8C7434FF0}.Debug|x86.Build.0 = Debug|Any CPU
		{FD32E442-7EF1-4467-B043-5CE8C7434FF0}.Release|Any CPU.ActiveCfg = Release|Any CPU
		{FD32E442-7EF1-4467-B043-5CE8C7434FF0}.Release|Any CPU.Build.0 = Release|Any CPU
		{FD32E442-7EF1-4467-B043-5CE8C7434FF0}.Release|x86.ActiveCfg = Release|Any CPU
		{FD32E442-7EF1-4467-B043-5CE8C7434FF0}.Release|x86.Build.0 = Release|Any CPU
		{5E89B7B5-BB7C-44D2-BF75-32520843384E}.Debug|Any CPU.ActiveCfg = Debug|Any CPU
		{5E89B7B5-BB7C-44D2-BF75-32520843384E}.Debug|Any CPU.Build.0 = Debug|Any CPU
		{5E89B7B5-BB7C-44D2-BF75-32520843384E}.Debug|x86.ActiveCfg = Debug|Any CPU
		{5E89B7B5-BB7C-44D2-BF75-32520843384E}.Debug|x86.Build.0 = Debug|Any CPU
		{5E89B7B5-BB7C-44D2-BF75-32520843384E}.Release|Any CPU.ActiveCfg = Release|Any CPU
		{5E89B7B5-BB7C-44D2-BF75-32520843384E}.Release|Any CPU.Build.0 = Release|Any CPU
		{5E89B7B5-BB7C-44D2-BF75-32520843384E}.Release|x86.ActiveCfg = Release|Any CPU
		{5E89B7B5-BB7C-44D2-BF75-32520843384E}.Release|x86.Build.0 = Release|Any CPU
		{B397919F-E383-4974-AECE-F66BEB1ED61D}.Debug|Any CPU.ActiveCfg = Debug|Any CPU
		{B397919F-E383-4974-AECE-F66BEB1ED61D}.Debug|Any CPU.Build.0 = Debug|Any CPU
		{B397919F-E383-4974-AECE-F66BEB1ED61D}.Debug|x86.ActiveCfg = Debug|Any CPU
		{B397919F-E383-4974-AECE-F66BEB1ED61D}.Debug|x86.Build.0 = Debug|Any CPU
		{B397919F-E383-4974-AECE-F66BEB1ED61D}.Release|Any CPU.ActiveCfg = Release|Any CPU
		{B397919F-E383-4974-AECE-F66BEB1ED61D}.Release|Any CPU.Build.0 = Release|Any CPU
		{B397919F-E383-4974-AECE-F66BEB1ED61D}.Release|x86.ActiveCfg = Release|Any CPU
		{B397919F-E383-4974-AECE-F66BEB1ED61D}.Release|x86.Build.0 = Release|Any CPU
		{ECACC3F8-D66B-40A3-9DDF-999AB63E4E7D}.Debug|Any CPU.ActiveCfg = Debug|Any CPU
		{ECACC3F8-D66B-40A3-9DDF-999AB63E4E7D}.Debug|Any CPU.Build.0 = Debug|Any CPU
		{ECACC3F8-D66B-40A3-9DDF-999AB63E4E7D}.Debug|x86.ActiveCfg = Debug|Any CPU
		{ECACC3F8-D66B-40A3-9DDF-999AB63E4E7D}.Debug|x86.Build.0 = Debug|Any CPU
		{ECACC3F8-D66B-40A3-9DDF-999AB63E4E7D}.Release|Any CPU.ActiveCfg = Release|Any CPU
		{ECACC3F8-D66B-40A3-9DDF-999AB63E4E7D}.Release|Any CPU.Build.0 = Release|Any CPU
		{ECACC3F8-D66B-40A3-9DDF-999AB63E4E7D}.Release|x86.ActiveCfg = Release|Any CPU
		{ECACC3F8-D66B-40A3-9DDF-999AB63E4E7D}.Release|x86.Build.0 = Release|Any CPU
		{A8467E60-64FF-4050-BB1C-ED7E3B7374CE}.Debug|Any CPU.ActiveCfg = Debug|Any CPU
		{A8467E60-64FF-4050-BB1C-ED7E3B7374CE}.Debug|Any CPU.Build.0 = Debug|Any CPU
		{A8467E60-64FF-4050-BB1C-ED7E3B7374CE}.Debug|x86.ActiveCfg = Debug|Any CPU
		{A8467E60-64FF-4050-BB1C-ED7E3B7374CE}.Debug|x86.Build.0 = Debug|Any CPU
		{A8467E60-64FF-4050-BB1C-ED7E3B7374CE}.Release|Any CPU.ActiveCfg = Release|Any CPU
		{A8467E60-64FF-4050-BB1C-ED7E3B7374CE}.Release|Any CPU.Build.0 = Release|Any CPU
		{A8467E60-64FF-4050-BB1C-ED7E3B7374CE}.Release|x86.ActiveCfg = Release|Any CPU
		{A8467E60-64FF-4050-BB1C-ED7E3B7374CE}.Release|x86.Build.0 = Release|Any CPU
		{3978478D-2BAC-4381-AC84-A33A96553C7E}.Debug|Any CPU.ActiveCfg = Debug|Any CPU
		{3978478D-2BAC-4381-AC84-A33A96553C7E}.Debug|Any CPU.Build.0 = Debug|Any CPU
		{3978478D-2BAC-4381-AC84-A33A96553C7E}.Debug|x86.ActiveCfg = Debug|Any CPU
		{3978478D-2BAC-4381-AC84-A33A96553C7E}.Debug|x86.Build.0 = Debug|Any CPU
		{3978478D-2BAC-4381-AC84-A33A96553C7E}.Release|Any CPU.ActiveCfg = Release|Any CPU
		{3978478D-2BAC-4381-AC84-A33A96553C7E}.Release|Any CPU.Build.0 = Release|Any CPU
		{3978478D-2BAC-4381-AC84-A33A96553C7E}.Release|x86.ActiveCfg = Release|Any CPU
		{3978478D-2BAC-4381-AC84-A33A96553C7E}.Release|x86.Build.0 = Release|Any CPU
		{E3C4DB31-1514-4F98-9FCF-C8B43CA27434}.Debug|Any CPU.ActiveCfg = Debug|Any CPU
		{E3C4DB31-1514-4F98-9FCF-C8B43CA27434}.Debug|Any CPU.Build.0 = Debug|Any CPU
		{E3C4DB31-1514-4F98-9FCF-C8B43CA27434}.Debug|x86.ActiveCfg = Debug|Any CPU
		{E3C4DB31-1514-4F98-9FCF-C8B43CA27434}.Debug|x86.Build.0 = Debug|Any CPU
		{E3C4DB31-1514-4F98-9FCF-C8B43CA27434}.Release|Any CPU.ActiveCfg = Release|Any CPU
		{E3C4DB31-1514-4F98-9FCF-C8B43CA27434}.Release|Any CPU.Build.0 = Release|Any CPU
		{E3C4DB31-1514-4F98-9FCF-C8B43CA27434}.Release|x86.ActiveCfg = Release|Any CPU
		{E3C4DB31-1514-4F98-9FCF-C8B43CA27434}.Release|x86.Build.0 = Release|Any CPU
	EndGlobalSection
	GlobalSection(SolutionProperties) = preSolution
		HideSolutionNode = FALSE
	EndGlobalSection
	GlobalSection(NestedProjects) = preSolution
		{B49020A3-019D-4FB4-B70F-27F909CD3B10} = {DDB4EF12-CC4E-5E88-E6FC-71A802F4DE97}
		{30A8C393-A225-4D95-ADC2-05CD3C66B9D1} = {A4DBFD46-7A72-4361-944F-79DEC776C90D}
		{F5B9D0CD-07F5-4A49-A520-176DE86AC383} = {FFCC7CC5-1DCF-4B68-AB7A-A50E24402E3D}
		{586B5EFF-3E76-4C50-ABAA-432312FFC767} = {F5B9D0CD-07F5-4A49-A520-176DE86AC383}
		{A4DBFD46-7A72-4361-944F-79DEC776C90D} = {FFCC7CC5-1DCF-4B68-AB7A-A50E24402E3D}
		{F899A924-1125-9743-259B-26B590B0CE35} = {2FE6EF8D-0665-470E-8DB5-CB89724F3D02}
		{3C5AF31B-8228-4D58-938A-8F8C95EDDD7D} = {2FE6EF8D-0665-470E-8DB5-CB89724F3D02}
		{09CA0224-D110-47AC-B1C5-196BDAC6E305} = {FFCC7CC5-1DCF-4B68-AB7A-A50E24402E3D}
		{3D1D7466-01E6-4794-815D-7B16CBC3DE6F} = {09CA0224-D110-47AC-B1C5-196BDAC6E305}
		{DC141056-699A-47BE-A372-C687A7FBF292} = {F5B9D0CD-07F5-4A49-A520-176DE86AC383}
		{6CCDB375-5BAE-42BA-98A4-57919719459D} = {72793309-8A00-4044-9397-97D91372EDA9}
		{CF135A3A-3023-4396-A4FA-DDC932EF2C7F} = {72793309-8A00-4044-9397-97D91372EDA9}
		{3EF0F170-3731-4E21-8899-30BF593B8480} = {CF135A3A-3023-4396-A4FA-DDC932EF2C7F}
		{8E3A04CF-9460-4174-8140-4B750BAD6F68} = {72793309-8A00-4044-9397-97D91372EDA9}
		{2152C200-B069-4D8A-A20F-7169D3D87DCB} = {CF135A3A-3023-4396-A4FA-DDC932EF2C7F}
		{3500B521-2038-4372-ADAA-42B168039054} = {62598525-1A25-420E-8025-72304C45AA56}
		{1AC26261-A32A-47BB-B70B-B35385CCEE72} = {62598525-1A25-420E-8025-72304C45AA56}
		{BCD0A7A0-76C7-44FD-8B61-D9351BDB4FBE} = {1AC26261-A32A-47BB-B70B-B35385CCEE72}
		{7B707386-AFB6-474D-A89E-21012A901627} = {1AC26261-A32A-47BB-B70B-B35385CCEE72}
		{C8CAA507-4D9C-4C00-A4E2-026AE41A75C6} = {72FCE522-8260-4072-BDA3-3A9EEE12C847}
		{49871048-C484-49EC-A0E1-E72CB9D6F4C3} = {2FE37E38-5A42-481A-94AD-073B27ABEE63}
		{5AA8F7AE-A3FC-4ECA-8EDF-72DC8429C1D5} = {49871048-C484-49EC-A0E1-E72CB9D6F4C3}
		{316352B8-E9D5-4E31-A235-BA7815E8BDE3} = {2FE37E38-5A42-481A-94AD-073B27ABEE63}
		{5B2EF4DB-7F3A-4B76-ADE2-D0CF99E2192E} = {2FE37E38-5A42-481A-94AD-073B27ABEE63}
		{FB902760-C53F-48D3-A389-4461E28CCA89} = {49871048-C484-49EC-A0E1-E72CB9D6F4C3}
		{7040F5CF-919F-4AE3-952E-9C7EB437D190} = {D3307230-9C10-4EE0-B50D-557C57DBE0F8}
		{B2CE4621-3B24-4D70-B81D-34F5CEF2DE68} = {D3307230-9C10-4EE0-B50D-557C57DBE0F8}
		{7D7BD9D0-E0D2-4338-9AF0-C37DBFF196A6} = {B2CE4621-3B24-4D70-B81D-34F5CEF2DE68}
		{D14E83AE-ABB2-4559-AC7A-3706D0246A45} = {B2CE4621-3B24-4D70-B81D-34F5CEF2DE68}
		{FD32E442-7EF1-4467-B043-5CE8C7434FF0} = {B2CE4621-3B24-4D70-B81D-34F5CEF2DE68}
		{5E89B7B5-BB7C-44D2-BF75-32520843384E} = {B2CE4621-3B24-4D70-B81D-34F5CEF2DE68}
		{B397919F-E383-4974-AECE-F66BEB1ED61D} = {D3307230-9C10-4EE0-B50D-557C57DBE0F8}
		{ECACC3F8-D66B-40A3-9DDF-999AB63E4E7D} = {67841562-B9D4-4302-B086-F9B60D184B12}
		{BA3DFBD7-42D2-4E3B-8395-9C560677A61B} = {67841562-B9D4-4302-B086-F9B60D184B12}
		{A8467E60-64FF-4050-BB1C-ED7E3B7374CE} = {67841562-B9D4-4302-B086-F9B60D184B12}
		{3978478D-2BAC-4381-AC84-A33A96553C7E} = {BA3DFBD7-42D2-4E3B-8395-9C560677A61B}
		{E3C4DB31-1514-4F98-9FCF-C8B43CA27434} = {BA3DFBD7-42D2-4E3B-8395-9C560677A61B}
	EndGlobalSection
	GlobalSection(ExtensibilityGlobals) = postSolution
		SolutionGuid = {4A715F17-BD52-40D7-9287-1C6890FE3EBB}
	EndGlobalSection
EndGlobal
